
Microsoft Visual Studio Solution File, Format Version 12.00
# Visual Studio 15
VisualStudioVersion = 15.0.26124.0
MinimumVisualStudioVersion = 15.0.26124.0
Project("{FAE04EC0-301F-11D3-BF4B-00C04F79EFBC}") = "API", "API\API.csproj", "{B4D73E4E-63DB-4EC1-B29E-D276F664227F}"
EndProject
Project("{FAE04EC0-301F-11D3-BF4B-00C04F79EFBC}") = "Application", "Application\Application.csproj", "{9D1335CE-D3FF-4395-8AD7-17E2EBD7CCFC}"
EndProject
Project("{FAE04EC0-301F-11D3-BF4B-00C04F79EFBC}") = "Persistence", "Persistence\Persistence.csproj", "{E4CFF5E8-14CE-4593-9300-9AF0AEA0DF31}"
EndProject
Project("{FAE04EC0-301F-11D3-BF4B-00C04F79EFBC}") = "Domain", "Domain\Domain.csproj", "{77BAA110-0E29-4519-A4DE-6B9E9A4962A0}"
EndProject
Global
	GlobalSection(SolutionConfigurationPlatforms) = preSolution
		Debug|Any CPU = Debug|Any CPU
		Debug|x64 = Debug|x64
		Debug|x86 = Debug|x86
		Release|Any CPU = Release|Any CPU
		Release|x64 = Release|x64
		Release|x86 = Release|x86
	EndGlobalSection
	GlobalSection(SolutionProperties) = preSolution
		HideSolutionNode = FALSE
	EndGlobalSection
	GlobalSection(ProjectConfigurationPlatforms) = postSolution
		{B4D73E4E-63DB-4EC1-B29E-D276F664227F}.Debug|Any CPU.ActiveCfg = Debug|Any CPU
		{B4D73E4E-63DB-4EC1-B29E-D276F664227F}.Debug|Any CPU.Build.0 = Debug|Any CPU
		{B4D73E4E-63DB-4EC1-B29E-D276F664227F}.Debug|x64.ActiveCfg = Debug|Any CPU
		{B4D73E4E-63DB-4EC1-B29E-D276F664227F}.Debug|x64.Build.0 = Debug|Any CPU
		{B4D73E4E-63DB-4EC1-B29E-D276F664227F}.Debug|x86.ActiveCfg = Debug|Any CPU
		{B4D73E4E-63DB-4EC1-B29E-D276F664227F}.Debug|x86.Build.0 = Debug|Any CPU
		{B4D73E4E-63DB-4EC1-B29E-D276F664227F}.Release|Any CPU.ActiveCfg = Release|Any CPU
		{B4D73E4E-63DB-4EC1-B29E-D276F664227F}.Release|Any CPU.Build.0 = Release|Any CPU
		{B4D73E4E-63DB-4EC1-B29E-D276F664227F}.Release|x64.ActiveCfg = Release|Any CPU
		{B4D73E4E-63DB-4EC1-B29E-D276F664227F}.Release|x64.Build.0 = Release|Any CPU
		{B4D73E4E-63DB-4EC1-B29E-D276F664227F}.Release|x86.ActiveCfg = Release|Any CPU
		{B4D73E4E-63DB-4EC1-B29E-D276F664227F}.Release|x86.Build.0 = Release|Any CPU
		{9D1335CE-D3FF-4395-8AD7-17E2EBD7CCFC}.Debug|Any CPU.ActiveCfg = Debug|Any CPU
		{9D1335CE-D3FF-4395-8AD7-17E2EBD7CCFC}.Debug|Any CPU.Build.0 = Debug|Any CPU
		{9D1335CE-D3FF-4395-8AD7-17E2EBD7CCFC}.Debug|x64.ActiveCfg = Debug|Any CPU
		{9D1335CE-D3FF-4395-8AD7-17E2EBD7CCFC}.Debug|x64.Build.0 = Debug|Any CPU
		{9D1335CE-D3FF-4395-8AD7-17E2EBD7CCFC}.Debug|x86.ActiveCfg = Debug|Any CPU
		{9D1335CE-D3FF-4395-8AD7-17E2EBD7CCFC}.Debug|x86.Build.0 = Debug|Any CPU
		{9D1335CE-D3FF-4395-8AD7-17E2EBD7CCFC}.Release|Any CPU.ActiveCfg = Release|Any CPU
		{9D1335CE-D3FF-4395-8AD7-17E2EBD7CCFC}.Release|Any CPU.Build.0 = Release|Any CPU
		{9D1335CE-D3FF-4395-8AD7-17E2EBD7CCFC}.Release|x64.ActiveCfg = Release|Any CPU
		{9D1335CE-D3FF-4395-8AD7-17E2EBD7CCFC}.Release|x64.Build.0 = Release|Any CPU
		{9D1335CE-D3FF-4395-8AD7-17E2EBD7CCFC}.Release|x86.ActiveCfg = Release|Any CPU
		{9D1335CE-D3FF-4395-8AD7-17E2EBD7CCFC}.Release|x86.Build.0 = Release|Any CPU
		{E4CFF5E8-14CE-4593-9300-9AF0AEA0DF31}.Debug|Any CPU.ActiveCfg = Debug|Any CPU
		{E4CFF5E8-14CE-4593-9300-9AF0AEA0DF31}.Debug|Any CPU.Build.0 = Debug|Any CPU
		{E4CFF5E8-14CE-4593-9300-9AF0AEA0DF31}.Debug|x64.ActiveCfg = Debug|Any CPU
		{E4CFF5E8-14CE-4593-9300-9AF0AEA0DF31}.Debug|x64.Build.0 = Debug|Any CPU
		{E4CFF5E8-14CE-4593-9300-9AF0AEA0DF31}.Debug|x86.ActiveCfg = Debug|Any CPU
		{E4CFF5E8-14CE-4593-9300-9AF0AEA0DF31}.Debug|x86.Build.0 = Debug|Any CPU
		{E4CFF5E8-14CE-4593-9300-9AF0AEA0DF31}.Release|Any CPU.ActiveCfg = Release|Any CPU
		{E4CFF5E8-14CE-4593-9300-9AF0AEA0DF31}.Release|Any CPU.Build.0 = Release|Any CPU
		{E4CFF5E8-14CE-4593-9300-9AF0AEA0DF31}.Release|x64.ActiveCfg = Release|Any CPU
		{E4CFF5E8-14CE-4593-9300-9AF0AEA0DF31}.Release|x64.Build.0 = Release|Any CPU
		{E4CFF5E8-14CE-4593-9300-9AF0AEA0DF31}.Release|x86.ActiveCfg = Release|Any CPU
		{E4CFF5E8-14CE-4593-9300-9AF0AEA0DF31}.Release|x86.Build.0 = Release|Any CPU
		{77BAA110-0E29-4519-A4DE-6B9E9A4962A0}.Debug|Any CPU.ActiveCfg = Debug|Any CPU
		{77BAA110-0E29-4519-A4DE-6B9E9A4962A0}.Debug|Any CPU.Build.0 = Debug|Any CPU
		{77BAA110-0E29-4519-A4DE-6B9E9A4962A0}.Debug|x64.ActiveCfg = Debug|Any CPU
		{77BAA110-0E29-4519-A4DE-6B9E9A4962A0}.Debug|x64.Build.0 = Debug|Any CPU
		{77BAA110-0E29-4519-A4DE-6B9E9A4962A0}.Debug|x86.ActiveCfg = Debug|Any CPU
		{77BAA110-0E29-4519-A4DE-6B9E9A4962A0}.Debug|x86.Build.0 = Debug|Any CPU
		{77BAA110-0E29-4519-A4DE-6B9E9A4962A0}.Release|Any CPU.ActiveCfg = Release|Any CPU
		{77BAA110-0E29-4519-A4DE-6B9E9A4962A0}.Release|Any CPU.Build.0 = Release|Any CPU
		{77BAA110-0E29-4519-A4DE-6B9E9A4962A0}.Release|x64.ActiveCfg = Release|Any CPU
		{77BAA110-0E29-4519-A4DE-6B9E9A4962A0}.Release|x64.Build.0 = Release|Any CPU
		{77BAA110-0E29-4519-A4DE-6B9E9A4962A0}.Release|x86.ActiveCfg = Release|Any CPU
		{77BAA110-0E29-4519-A4DE-6B9E9A4962A0}.Release|x86.Build.0 = Release|Any CPU
	EndGlobalSection
EndGlobal
